
Microsoft Visual Studio Solution File, Format Version 12.00
# Visual Studio Version 16
VisualStudioVersion = 16.0.29020.237
MinimumVisualStudioVersion = 10.0.40219.1
Project("{FAE04EC0-301F-11D3-BF4B-00C04F79EFBC}") = "QueryTFS", "QueryTFS\QueryTFS.csproj", "{FF04F77B-AC3F-4324-A970-7A2BAE34E102}"
EndProject
Global
	GlobalSection(SolutionConfigurationPlatforms) = preSolution
		Debug|Any CPU = Debug|Any CPU
		Release|Any CPU = Release|Any CPU
	EndGlobalSection
	GlobalSection(ProjectConfigurationPlatforms) = postSolution
		{FF04F77B-AC3F-4324-A970-7A2BAE34E102}.Debug|Any CPU.ActiveCfg = Debug|Any CPU
		{FF04F77B-AC3F-4324-A970-7A2BAE34E102}.Debug|Any CPU.Build.0 = Debug|Any CPU
		{FF04F77B-AC3F-4324-A970-7A2BAE34E102}.Release|Any CPU.ActiveCfg = Release|Any CPU
		{FF04F77B-AC3F-4324-A970-7A2BAE34E102}.Release|Any CPU.Build.0 = Release|Any CPU
	EndGlobalSection
	GlobalSection(SolutionProperties) = preSolution
		HideSolutionNode = FALSE
	EndGlobalSection
	GlobalSection(ExtensibilityGlobals) = postSolution
		SolutionGuid = {87EEA799-D994-40A8-88CB-C3D2F0BC8D33}
	EndGlobalSection
EndGlobal
